
Microsoft Visual Studio Solution File, Format Version 12.00
# Visual Studio 15
VisualStudioVersion = 15.0.27004.2009
MinimumVisualStudioVersion = 10.0.40219.1
Project("{FAE04EC0-301F-11D3-BF4B-00C04F79EFBC}") = "Game35Score", "Game35Score\Game35Score.csproj", "{90BEA82B-E3BD-42F9-BE12-0277782F9A57}"
EndProject
Global
	GlobalSection(SolutionConfigurationPlatforms) = preSolution
		Debug|Any CPU = Debug|Any CPU
		Release|Any CPU = Release|Any CPU
	EndGlobalSection
	GlobalSection(ProjectConfigurationPlatforms) = postSolution
		{90BEA82B-E3BD-42F9-BE12-0277782F9A57}.Debug|Any CPU.ActiveCfg = Debug|Any CPU
		{90BEA82B-E3BD-42F9-BE12-0277782F9A57}.Debug|Any CPU.Build.0 = Debug|Any CPU
		{90BEA82B-E3BD-42F9-BE12-0277782F9A57}.Release|Any CPU.ActiveCfg = Release|Any CPU
		{90BEA82B-E3BD-42F9-BE12-0277782F9A57}.Release|Any CPU.Build.0 = Release|Any CPU
	EndGlobalSection
	GlobalSection(SolutionProperties) = preSolution
		HideSolutionNode = FALSE
	EndGlobalSection
	GlobalSection(ExtensibilityGlobals) = postSolution
		SolutionGuid = {DAEF3DAB-C7A1-4A9D-9A4C-53B21B427588}
	EndGlobalSection
EndGlobal
