
Microsoft Visual Studio Solution File, Format Version 12.00
# Visual Studio 2013
VisualStudioVersion = 12.0.21005.1
MinimumVisualStudioVersion = 10.0.40219.1
Project("{FAE04EC0-301F-11D3-BF4B-00C04F79EFBC}") = "QuaySoVietlott", "QuaySoVietlott\QuaySoVietlott.csproj", "{D3B8E196-9297-40F9-B317-95A854A72382}"
EndProject
Global
	GlobalSection(SolutionConfigurationPlatforms) = preSolution
		Debug|Any CPU = Debug|Any CPU
		Release|Any CPU = Release|Any CPU
	EndGlobalSection
	GlobalSection(ProjectConfigurationPlatforms) = postSolution
		{D3B8E196-9297-40F9-B317-95A854A72382}.Debug|Any CPU.ActiveCfg = Debug|Any CPU
		{D3B8E196-9297-40F9-B317-95A854A72382}.Debug|Any CPU.Build.0 = Debug|Any CPU
		{D3B8E196-9297-40F9-B317-95A854A72382}.Release|Any CPU.ActiveCfg = Release|Any CPU
		{D3B8E196-9297-40F9-B317-95A854A72382}.Release|Any CPU.Build.0 = Release|Any CPU
	EndGlobalSection
	GlobalSection(SolutionProperties) = preSolution
		HideSolutionNode = FALSE
	EndGlobalSection
EndGlobal
